# THIS IS AN AUTOGENERATED FILE. DO NOT EDIT THIS FILE DIRECTLY.
# yarn lockfile v1


turbo@^1.0.19:
  version "1.0.19"
  resolved "https://registry.yarnpkg.com/turbo/-/turbo-1.0.19.tgz#5c666b7b497e443269da2c553d00fe23dbcc6914"
  integrity sha512-/gdEdpdludyHX+344JQ84bglK33dI4IWTtGkBkfJnSQW+lC3/JFAu9jy+4zNK2gdzxjwcB2/qQK+Pv53SZd1Kw==
